
Microsoft Visual Studio Solution File, Format Version 12.00
# Visual Studio 15
VisualStudioVersion = 15.0.26730.8
MinimumVisualStudioVersion = 10.0.40219.1
Project("{FAE04EC0-301F-11D3-BF4B-00C04F79EFBC}") = "KvlvVeldegem.PhotoRenamer.UI", "KvlvVeldegem.PhotoRenamer.UI\KvlvVeldegem.PhotoRenamer.UI.csproj", "{56F047D9-1AD2-4B9C-8BCE-C6DC8043E5D6}"
EndProject
Project("{FAE04EC0-301F-11D3-BF4B-00C04F79EFBC}") = "KvlvVeldegem.PhotoRenamer", "KvlvVeldegem.PhotoRenamer\KvlvVeldegem.PhotoRenamer.csproj", "{2F2E6334-316A-41F3-B5DB-DF87A1A6A932}"
EndProject
Global
	GlobalSection(SolutionConfigurationPlatforms) = preSolution
		Debug|Any CPU = Debug|Any CPU
		Release|Any CPU = Release|Any CPU
	EndGlobalSection
	GlobalSection(ProjectConfigurationPlatforms) = postSolution
		{56F047D9-1AD2-4B9C-8BCE-C6DC8043E5D6}.Debug|Any CPU.ActiveCfg = Debug|Any CPU
		{56F047D9-1AD2-4B9C-8BCE-C6DC8043E5D6}.Debug|Any CPU.Build.0 = Debug|Any CPU
		{56F047D9-1AD2-4B9C-8BCE-C6DC8043E5D6}.Release|Any CPU.ActiveCfg = Release|Any CPU
		{56F047D9-1AD2-4B9C-8BCE-C6DC8043E5D6}.Release|Any CPU.Build.0 = Release|Any CPU
		{2F2E6334-316A-41F3-B5DB-DF87A1A6A932}.Debug|Any CPU.ActiveCfg = Debug|Any CPU
		{2F2E6334-316A-41F3-B5DB-DF87A1A6A932}.Debug|Any CPU.Build.0 = Debug|Any CPU
		{2F2E6334-316A-41F3-B5DB-DF87A1A6A932}.Release|Any CPU.ActiveCfg = Release|Any CPU
		{2F2E6334-316A-41F3-B5DB-DF87A1A6A932}.Release|Any CPU.Build.0 = Release|Any CPU
	EndGlobalSection
	GlobalSection(SolutionProperties) = preSolution
		HideSolutionNode = FALSE
	EndGlobalSection
	GlobalSection(ExtensibilityGlobals) = postSolution
		SolutionGuid = {7A7D7E93-6234-4FC5-ACD1-1EF97683F212}
	EndGlobalSection
EndGlobal
